// !$*UTF8*$!
{
	archiveVersion = 1;
	classes = {
	};
	objectVersion = 46;
	objects = {

/* Begin PBXBuildFile section */
		FD0D93E21D450F570055A468 /* AppDelegate.swift in Sources */ = {isa = PBXBuildFile; fileRef = FD0D93E11D450F570055A468 /* AppDelegate.swift */; };
		FD0D93E41D450F570055A468 /* ViewController.swift in Sources */ = {isa = PBXBuildFile; fileRef = FD0D93E31D450F570055A468 /* ViewController.swift */; };
		FD0D93E71D450F570055A468 /* Main.storyboard in Resources */ = {isa = PBXBuildFile; fileRef = FD0D93E51D450F570055A468 /* Main.storyboard */; };
		FD0D93E91D450F570055A468 /* Assets.xcassets in Resources */ = {isa = PBXBuildFile; fileRef = FD0D93E81D450F570055A468 /* Assets.xcassets */; };
		FD0D93EC1D450F570055A468 /* LaunchScreen.storyboard in Resources */ = {isa = PBXBuildFile; fileRef = FD0D93EA1D450F570055A468 /* LaunchScreen.storyboard */; };
		FD0D93F41D450F790055A468 /* SecondViewController.swift in Sources */ = {isa = PBXBuildFile; fileRef = FD0D93F31D450F790055A468 /* SecondViewController.swift */; };
/* End PBXBuildFile section */

/* Begin PBXFileReference section */
		FD0D93DE1D450F570055A468 /* TestPrepareForSegueApp.app */ = {isa = PBXFileReference; explicitFileType = wrapper.application; includeInIndex = 0; path = TestPrepareForSegueApp.app; sourceTree = BUILT_PRODUCTS_DIR; };
		FD0D93E11D450F570055A468 /* AppDelegate.swift */ = {isa = PBXFileReference; lastKnownFileType = sourcecode.swift; path = AppDelegate.swift; sourceTree = "<group>"; };
		FD0D93E31D450F570055A468 /* ViewController.swift */ = {isa = PBXFileReference; lastKnownFileType = sourcecode.swift; path = ViewController.swift; sourceTree = "<group>"; };
		FD0D93E61D450F570055A468 /* Base */ = {isa = PBXFileReference; lastKnownFileType = file.storyboard; name = Base; path = Base.lproj/Main.storyboard; sourceTree = "<group>"; };
		FD0D93E81D450F570055A468 /* Assets.xcassets */ = {isa = PBXFileReference; lastKnownFileType = folder.assetcatalog; path = Assets.xcassets; sourceTree = "<group>"; };
		FD0D93EB1D450F570055A468 /* Base */ = {isa = PBXFileReference; lastKnownFileType = file.storyboard; name = Base; path = Base.lproj/LaunchScreen.storyboard; sourceTree = "<group>"; };
		FD0D93ED1D450F570055A468 /* Info.plist */ = {isa = PBXFileReference; lastKnownFileType = text.plist.xml; path = Info.plist; sourceTree = "<group>"; };
		FD0D93F31D450F790055A468 /* SecondViewController.swift */ = {isa = PBXFileReference; fileEncoding = 4; lastKnownFileType = sourcecode.swift; path = SecondViewController.swift; sourceTree = "<group>"; };
/* End PBXFileReference section */

/* Begin PBXFrameworksBuildPhase section */
		FD0D93DB1D450F570055A468 /* Frameworks */ = {
			isa = PBXFrameworksBuildPhase;
			buildActionMask = 2147483647;
			files = (
			);
			runOnlyForDeploymentPostprocessing = 0;
		};
/* End PBXFrameworksBuildPhase section */

/* Begin PBXGroup section */
		FD0D93D51D450F570055A468 = {
			isa = PBXGroup;
			children = (
				FD0D93E01D450F570055A468 /* TestPrepareForSegueApp */,
				FD0D93DF1D450F570055A468 /* Products */,
			);
			sourceTree = "<group>";
		};
		FD0D93DF1D450F570055A468 /* Products */ = {
			isa = PBXGroup;
			children = (
				FD0D93DE1D450F570055A468 /* TestPrepareForSegueApp.app */,
			);
			name = Products;
			sourceTree = "<group>";
		};
		FD0D93E01D450F570055A468 /* TestPrepareForSegueApp */ = {
			isa = PBXGroup;
			children = (
				FD0D93E11D450F570055A468 /* AppDelegate.swift */,
				FD0D93E31D450F570055A468 /* ViewController.swift */,
				FD0D93F31D450F790055A468 /* SecondViewController.swift */,
				FD0D93E51D450F570055A468 /* Main.storyboard */,
				FD0D93E81D450F570055A468 /* Assets.xcassets */,
				FD0D93EA1D450F570055A468 /* LaunchScreen.storyboard */,
				FD0D93ED1D450F570055A468 /* Info.plist */,
			);
			path = TestPrepareForSegueApp;
			sourceTree = "<group>";
		};
/* End PBXGroup section */

/* Begin PBXNativeTarget section */
		FD0D93DD1D450F570055A468 /* TestPrepareForSegueApp */ = {
			isa = PBXNativeTarget;
			buildConfigurationList = FD0D93F01D450F570055A468 /* Build configuration list for PBXNativeTarget "TestPrepareForSegueApp" */;
			buildPhases = (
				FD0D93DA1D450F570055A468 /* Sources */,
				FD0D93DB1D450F570055A468 /* Frameworks */,
				FD0D93DC1D450F570055A468 /* Resources */,
			);
			buildRules = (
			);
			dependencies = (
			);
			name = TestPrepareForSegueApp;
			productName = TestPrepareForSegueApp;
			productReference = FD0D93DE1D450F570055A468 /* TestPrepareForSegueApp.app */;
			productType = "com.apple.product-type.application";
		};
/* End PBXNativeTarget section */

/* Begin PBXProject section */
		FD0D93D61D450F570055A468 /* Project object */ = {
			isa = PBXProject;
			attributes = {
				LastSwiftUpdateCheck = 0730;
				LastUpgradeCheck = 0730;
				ORGANIZATIONNAME = "Taylor Frost";
				TargetAttributes = {
					FD0D93DD1D450F570055A468 = {
						CreatedOnToolsVersion = 7.3.1;
					};
				};
			};
			buildConfigurationList = FD0D93D91D450F570055A468 /* Build configuration list for PBXProject "TestPrepareForSegueApp" */;
			compatibilityVersion = "Xcode 3.2";
			developmentRegion = English;
			hasScannedForEncodings = 0;
			knownRegions = (
				en,
				Base,
			);
			mainGroup = FD0D93D51D450F570055A468;
			productRefGroup = FD0D93DF1D450F570055A468 /* Products */;
			projectDirPath = "";
			projectRoot = "";
			targets = (
				FD0D93DD1D450F570055A468 /* TestPrepareForSegueApp */,
			);
		};
/* End PBXProject section */

/* Begin PBXResourcesBuildPhase section */
		FD0D93DC1D450F570055A468 /* Resources */ = {
			isa = PBXResourcesBuildPhase;
			buildActionMask = 2147483647;
			files = (
				FD0D93EC1D450F570055A468 /* LaunchScreen.storyboard in Resources */,
				FD0D93E91D450F570055A468 /* Assets.xcassets in Resources */,
				FD0D93E71D450F570055A468 /* Main.storyboard in Resources */,
			);
			runOnlyForDeploymentPostprocessing = 0;
		};
/* End PBXResourcesBuildPhase section */

/* Begin PBXSourcesBuildPhase section */
		FD0D93DA1D450F570055A468 /* Sources */ = {
			isa = PBXSourcesBuildPhase;
			buildActionMask = 2147483647;
			files = (
				FD0D93F41D450F790055A468 /* SecondViewController.swift in Sources */,
				FD0D93E41D450F570055A468 /* ViewController.swift in Sources */,
				FD0D93E21D450F570055A468 /* AppDelegate.swift in Sources */,
			);
			runOnlyForDeploymentPostprocessing = 0;
		};
/* End PBXSourcesBuildPhase section */

/* Begin PBXVariantGroup section */
		FD0D93E51D450F570055A468 /* Main.storyboard */ = {
			isa = PBXVariantGroup;
			children = (
				FD0D93E61D450F570055A468 /* Base */,
			);
			name = Main.storyboard;
			sourceTree = "<group>";
		};
		FD0D93EA1D450F570055A468 /* LaunchScreen.storyboard */ = {
			isa = PBXVariantGroup;
			children = (
				FD0D93EB1D450F570055A468 /* Base */,
			);
			name = LaunchScreen.storyboard;
			sourceTree = "<group>";
		};
/* End PBXVariantGroup section */

/* Begin XCBuildConfiguration section */
		FD0D93EE1D450F570055A468 /* Debug */ = {
			isa = XCBuildConfiguration;
			buildSettings = {
				ALWAYS_SEARCH_USER_PATHS = NO;
				CLANG_ANALYZER_NONNULL = YES;
				CLANG_CXX_LANGUAGE_STANDARD = "gnu++0x";
				CLANG_CXX_LIBRARY = "libc++";
				CLANG_ENABLE_MODULES = YES;
				CLANG_ENABLE_OBJC_ARC = YES;
				CLANG_WARN_BOOL_CONVERSION = YES;
				CLANG_WARN_CONSTANT_CONVERSION = YES;
				CLANG_WARN_DIRECT_OBJC_ISA_USAGE = YES_ERROR;
				CLANG_WARN_EMPTY_BODY = YES;
				CLANG_WARN_ENUM_CONVERSION = YES;
				CLANG_WARN_INT_CONVERSION = YES;
				CLANG_WARN_OBJC_ROOT_CLASS = YES_ERROR;
				CLANG_WARN_UNREACHABLE_CODE = YES;
				CLANG_WARN__DUPLICATE_METHOD_MATCH = YES;
				"CODE_SIGN_IDENTITY[sdk=iphoneos*]" = "iPhone Developer";
				COPY_PHASE_STRIP = NO;
				DEBUG_INFORMATION_FORMAT = dwarf;
				ENABLE_STRICT_OBJC_MSGSEND = YES;
				ENABLE_TESTABILITY = YES;
				GCC_C_LANGUAGE_STANDARD = gnu99;
				GCC_DYNAMIC_NO_PIC = NO;
				GCC_NO_COMMON_BLOCKS = YES;
				GCC_OPTIMIZATION_LEVEL = 0;
				GCC_PREPROCESSOR_DEFINITIONS = (
					"DEBUG=1",
					"$(inherited)",
				);
				GCC_WARN_64_TO_32_BIT_CONVERSION = YES;
				GCC_WARN_ABOUT_RETURN_TYPE = YES_ERROR;
				GCC_WARN_UNDECLARED_SELECTOR = YES;
				GCC_WARN_UNINITIALIZED_AUTOS = YES_AGGRESSIVE;
				GCC_WARN_UNUSED_FUNCTION = YES;
				GCC_WARN_UNUSED_VARIABLE = YES;
				IPHONEOS_DEPLOYMENT_TARGET = 9.3;
				MTL_ENABLE_DEBUG_INFO = YES;
				ONLY_ACTIVE_ARCH = YES;
				SDKROOT = iphoneos;
				SWIFT_OPTIMIZATION_LEVEL = "-Onone";
			};
			name = Debug;
		};
		FD0D93EF1D450F570055A468 /* Release */ = {
			isa = XCBuildConfiguration;
			buildSettings = {
				ALWAYS_SEARCH_USER_PATHS = NO;
				CLANG_ANALYZER_NONNULL = YES;
				CLANG_CXX_LANGUAGE_STANDARD = "gnu++0x";
				CLANG_CXX_LIBRARY = "libc++";
				CLANG_ENABLE_MODULES = YES;
				CLANG_ENABLE_OBJC_ARC = YES;
				CLANG_WARN_BOOL_CONVERSION = YES;
				CLANG_WARN_CONSTANT_CONVERSION = YES;
				CLANG_WARN_DIRECT_OBJC_ISA_USAGE = YES_ERROR;
				CLANG_WARN_EMPTY_BODY = YES;
				CLANG_WARN_ENUM_CONVERSION = YES;
				CLANG_WARN_INT_CONVERSION = YES;
				CLANG_WARN_OBJC_ROOT_CLASS = YES_ERROR;
				CLANG_WARN_UNREACHABLE_CODE = YES;
				CLANG_WARN__DUPLICATE_METHOD_MATCH = YES;
				"CODE_SIGN_IDENTITY[sdk=iphoneos*]" = "iPhone Developer";
				COPY_PHASE_STRIP = NO;
				DEBUG_INFORMATION_FORMAT = "dwarf-with-dsym";
				ENABLE_NS_ASSERTIONS = NO;
				ENABLE_STRICT_OBJC_MSGSEND = YES;
				GCC_C_LANGUAGE_STANDARD = gnu99;
				GCC_NO_COMMON_BLOCKS = YES;
				GCC_WARN_64_TO_32_BIT_CONVERSION = YES;
				GCC_WARN_ABOUT_RETURN_TYPE = YES_ERROR;
				GCC_WARN_UNDECLARED_SELECTOR = YES;
				GCC_WARN_UNINITIALIZED_AUTOS = YES_AGGRESSIVE;
				GCC_WARN_UNUSED_FUNCTION = YES;
				GCC_WARN_UNUSED_VARIABLE = YES;
				IPHONEOS_DEPLOYMENT_TARGET = 9.3;
				MTL_ENABLE_DEBUG_INFO = NO;
				SDKROOT = iphoneos;
				VALIDATE_PRODUCT = YES;
			};
			name = Release;
		};
		FD0D93F11D450F570055A468 /* Debug */ = {
			isa = XCBuildConfiguration;
			buildSettings = {
				ASSETCATALOG_COMPILER_APPICON_NAME = AppIcon;
				INFOPLIST_FILE = TestPrepareForSegueApp/Info.plist;
				LD_RUNPATH_SEARCH_PATHS = "$(inherited) @executable_path/Frameworks";
				PRODUCT_BUNDLE_IDENTIFIER = com.FrostEnterprises.TestPrepareForSegueApp;
				PRODUCT_NAME = "$(TARGET_NAME)";
			};
			name = Debug;
		};
		FD0D93F21D450F570055A468 /* Release */ = {
			isa = XCBuildConfiguration;
			buildSettings = {
				ASSETCATALOG_COMPILER_APPICON_NAME = AppIcon;
				INFOPLIST_FILE = TestPrepareForSegueApp/Info.plist;
				LD_RUNPATH_SEARCH_PATHS = "$(inherited) @executable_path/Frameworks";
				PRODUCT_BUNDLE_IDENTIFIER = com.FrostEnterprises.TestPrepareForSegueApp;
				PRODUCT_NAME = "$(TARGET_NAME)";
			};
			name = Release;
		};
/* End XCBuildConfiguration section */

/* Begin XCConfigurationList section */
		FD0D93D91D450F570055A468 /* Build configuration list for PBXProject "TestPrepareForSegueApp" */ = {
			isa = XCConfigurationList;
			buildConfigurations = (
				FD0D93EE1D450F570055A468 /* Debug */,
				FD0D93EF1D450F570055A468 /* Release */,
			);
			defaultConfigurationIsVisible = 0;
			defaultConfigurationName = Release;
		};
		FD0D93F01D450F570055A468 /* Build configuration list for PBXNativeTarget "TestPrepareForSegueApp" */ = {
			isa = XCConfigurationList;
			buildConfigurations = (
				FD0D93F11D450F570055A468 /* Debug */,
				FD0D93F21D450F570055A468 /* Release */,
			);
			defaultConfigurationIsVisible = 0;
		};
/* End XCConfigurationList section */
	};
	rootObject = FD0D93D61D450F570055A468 /* Project object */;
}
